
Microsoft Visual Studio Solution File, Format Version 12.00
# Visual Studio Version 17
VisualStudioVersion = 17.7.34221.43
MinimumVisualStudioVersion = 10.0.40219.1
Project("{FAE04EC0-301F-11D3-BF4B-00C04F79EFBC}") = "ChatService", "ChatService\ChatService.csproj", "{373183BB-84CA-4CEB-A845-42E5533B4F03}"
EndProject
Global
	GlobalSection(SolutionConfigurationPlatforms) = preSolution
		Debug|Any CPU = Debug|Any CPU
		Release|Any CPU = Release|Any CPU
	EndGlobalSection
	GlobalSection(ProjectConfigurationPlatforms) = postSolution
		{373183BB-84CA-4CEB-A845-42E5533B4F03}.Debug|Any CPU.ActiveCfg = Debug|Any CPU
		{373183BB-84CA-4CEB-A845-42E5533B4F03}.Debug|Any CPU.Build.0 = Debug|Any CPU
		{373183BB-84CA-4CEB-A845-42E5533B4F03}.Release|Any CPU.ActiveCfg = Release|Any CPU
		{373183BB-84CA-4CEB-A845-42E5533B4F03}.Release|Any CPU.Build.0 = Release|Any CPU
	EndGlobalSection
	GlobalSection(SolutionProperties) = preSolution
		HideSolutionNode = FALSE
	EndGlobalSection
	GlobalSection(ExtensibilityGlobals) = postSolution
		SolutionGuid = {F25FCCEC-2D1D-4B91-92D2-08824DDA1AA5}
	EndGlobalSection
EndGlobal
